
Microsoft Visual Studio Solution File, Format Version 12.00
# Visual Studio 15
VisualStudioVersion = 15.0.26730.12
MinimumVisualStudioVersion = 10.0.40219.1
Project("{FAE04EC0-301F-11D3-BF4B-00C04F79EFBC}") = "DeKlasse Slider", "DeKlasse Slider\DeKlasse Slider.csproj", "{1772BB15-35A0-4B1C-8D01-70D5B6A952EB}"
EndProject
Global
	GlobalSection(SolutionConfigurationPlatforms) = preSolution
		Debug|Any CPU = Debug|Any CPU
		Release|Any CPU = Release|Any CPU
	EndGlobalSection
	GlobalSection(ProjectConfigurationPlatforms) = postSolution
		{1772BB15-35A0-4B1C-8D01-70D5B6A952EB}.Debug|Any CPU.ActiveCfg = Debug|Any CPU
		{1772BB15-35A0-4B1C-8D01-70D5B6A952EB}.Debug|Any CPU.Build.0 = Debug|Any CPU
		{1772BB15-35A0-4B1C-8D01-70D5B6A952EB}.Release|Any CPU.ActiveCfg = Release|Any CPU
		{1772BB15-35A0-4B1C-8D01-70D5B6A952EB}.Release|Any CPU.Build.0 = Release|Any CPU
	EndGlobalSection
	GlobalSection(SolutionProperties) = preSolution
		HideSolutionNode = FALSE
	EndGlobalSection
	GlobalSection(ExtensibilityGlobals) = postSolution
		SolutionGuid = {97AFF7DF-8021-4A33-BEC7-E7991C341893}
	EndGlobalSection
EndGlobal
